# This file is generated by running "yarn install" inside your project.
# Manual changes might be lost - proceed with caution!

__metadata:
  version: 8
  cacheKey: 10c0

"@action-validator/cli@npm:0.6.0":
  version: 0.6.0
  resolution: "@action-validator/cli@npm:0.6.0"
  dependencies:
    chalk: "npm:5.2.0"
  peerDependencies:
    "@action-validator/core": 0.6.0
  bin:
    action-validator: cli.mjs
  checksum: 10c0/78d8bec3fc8a12463e2f17d93e211b2800ac8b289a996aac6116d0827db18d4b2b0bbc651aada1de53eb0a526d2c034e1151bea843b6f11b0d0b54247494c5a6
  languageName: node
  linkType: hard

"@action-validator/core@npm:0.6.0":
  version: 0.6.0
  resolution: "@action-validator/core@npm:0.6.0"
  checksum: 10c0/026967e1c3bda47b67c06f976ff427e57ec266f8b32ee2e99c8b7d1ac73fb11082622a7c2010544a220f47f4724a265ff6db4069b18cb78cce58f1e717694977
  languageName: node
  linkType: hard

"@devcontainers/cli@npm:0.74.0":
  version: 0.74.0
  resolution: "@devcontainers/cli@npm:0.74.0"
  bin:
    devcontainer: devcontainer.js
  checksum: 10c0/481a322d534ec0fd90da85dd33f41ed601577cc4241f143c2bf9d135828275c487e996841400a30e54ee94eddff7b03b35591e4129ea0996402640c02d1c0f3d
  languageName: node
  linkType: hard

"ansi-styles@npm:^6.2.1":
  version: 6.2.1
  resolution: "ansi-styles@npm:6.2.1"
  checksum: 10c0/5d1ec38c123984bcedd996eac680d548f31828bd679a66db2bdf11844634dde55fec3efa9c6bb1d89056a5e79c1ac540c4c784d592ea1d25028a92227d2f2d5c
  languageName: node
  linkType: hard

"balanced-match@npm:^1.0.0":
  version: 1.0.2
  resolution: "balanced-match@npm:1.0.2"
  checksum: 10c0/9308baf0a7e4838a82bbfd11e01b1cb0f0cf2893bc1676c27c2a8c0e70cbae1c59120c3268517a8ae7fb6376b4639ef81ca22582611dbee4ed28df945134aaee
  languageName: node
  linkType: hard

"brace-expansion@npm:^2.0.1":
  version: 2.0.1
  resolution: "brace-expansion@npm:2.0.1"
  dependencies:
    balanced-match: "npm:^1.0.0"
  checksum: 10c0/b358f2fe060e2d7a87aa015979ecea07f3c37d4018f8d6deb5bd4c229ad3a0384fe6029bb76cd8be63c81e516ee52d1a0673edbe2023d53a5191732ae3c3e49f
  languageName: node
  linkType: hard

"chalk@npm:5.2.0":
  version: 5.2.0
  resolution: "chalk@npm:5.2.0"
  checksum: 10c0/8a519b35c239f96e041b7f1ed8fdd79d3ca2332a8366cb957378b8a1b8a4cdfb740d19628e8bf74654d4c0917aa10cf39c20752e177a1304eac29a1168a740e9
  languageName: node
  linkType: hard

"cross-spawn@npm:^7.0.6":
  version: 7.0.6
  resolution: "cross-spawn@npm:7.0.6"
  dependencies:
    path-key: "npm:^3.1.0"
    shebang-command: "npm:^2.0.0"
    which: "npm:^2.0.1"
  checksum: 10c0/053ea8b2135caff68a9e81470e845613e374e7309a47731e81639de3eaeb90c3d01af0e0b44d2ab9d50b43467223b88567dfeb3262db942dc063b9976718ffc1
  languageName: node
  linkType: hard

"isexe@npm:^2.0.0":
  version: 2.0.0
  resolution: "isexe@npm:2.0.0"
  checksum: 10c0/228cfa503fadc2c31596ab06ed6aa82c9976eec2bfd83397e7eaf06d0ccf42cd1dfd6743bf9aeb01aebd4156d009994c5f76ea898d2832c1fe342da923ca457d
  languageName: node
  linkType: hard

"isexe@npm:^3.1.1":
  version: 3.1.1
  resolution: "isexe@npm:3.1.1"
  checksum: 10c0/9ec257654093443eb0a528a9c8cbba9c0ca7616ccb40abd6dde7202734d96bb86e4ac0d764f0f8cd965856aacbff2f4ce23e730dc19dfb41e3b0d865ca6fdcc7
  languageName: node
  linkType: hard

"json-parse-even-better-errors@npm:^4.0.0":
  version: 4.0.0
  resolution: "json-parse-even-better-errors@npm:4.0.0"
  checksum: 10c0/84cd9304a97e8fb2af3937bf53acb91c026aeb859703c332684e688ea60db27fc2242aa532a84e1883fdcbe1e5c1fb57c2bef38e312021aa1cd300defc63cf16
  languageName: node
  linkType: hard

"memorystream@npm:^0.3.1":
  version: 0.3.1
  resolution: "memorystream@npm:0.3.1"
  checksum: 10c0/4bd164657711d9747ff5edb0508b2944414da3464b7fe21ac5c67cf35bba975c4b446a0124bd0f9a8be54cfc18faf92e92bd77563a20328b1ccf2ff04e9f39b9
  languageName: node
  linkType: hard

"minimatch@npm:^9.0.0":
  version: 9.0.5
  resolution: "minimatch@npm:9.0.5"
  dependencies:
    brace-expansion: "npm:^2.0.1"
  checksum: 10c0/de96cf5e35bdf0eab3e2c853522f98ffbe9a36c37797778d2665231ec1f20a9447a7e567cb640901f89e4daaa95ae5d70c65a9e8aa2bb0019b6facbc3c0575ed
  languageName: node
  linkType: hard

"npm-normalize-package-bin@npm:^4.0.0":
  version: 4.0.0
  resolution: "npm-normalize-package-bin@npm:4.0.0"
  checksum: 10c0/1fa546fcae8eaab61ef9b9ec237b6c795008da50e1883eae030e9e38bb04ffa32c5aabcef9a0400eae3dc1f91809bcfa85e437ce80d677c69b419d1d9cacf0ab
  languageName: node
  linkType: hard

"npm-run-all2@npm:7.0.2":
  version: 7.0.2
  resolution: "npm-run-all2@npm:7.0.2"
  dependencies:
    ansi-styles: "npm:^6.2.1"
    cross-spawn: "npm:^7.0.6"
    memorystream: "npm:^0.3.1"
    minimatch: "npm:^9.0.0"
    pidtree: "npm:^0.6.0"
    read-package-json-fast: "npm:^4.0.0"
    shell-quote: "npm:^1.7.3"
    which: "npm:^5.0.0"
  bin:
    npm-run-all: bin/npm-run-all/index.js
    npm-run-all2: bin/npm-run-all/index.js
    run-p: bin/run-p/index.js
    run-s: bin/run-s/index.js
  checksum: 10c0/4606c0cdaad9dc7dbe5a6ae432b1aabea25e2ffd541f959307e5c34247d0658952f98352b8ce45f925241af304c6718b2198b425f234e0e9fbc30b342cedb121
  languageName: node
  linkType: hard

"path-key@npm:^3.1.0":
  version: 3.1.1
  resolution: "path-key@npm:3.1.1"
  checksum: 10c0/748c43efd5a569c039d7a00a03b58eecd1d75f3999f5a28303d75f521288df4823bc057d8784eb72358b2895a05f29a070bc9f1f17d28226cc4e62494cc58c4c
  languageName: node
  linkType: hard

"pidtree@npm:^0.6.0":
  version: 0.6.0
  resolution: "pidtree@npm:0.6.0"
  bin:
    pidtree: bin/pidtree.js
  checksum: 10c0/0829ec4e9209e230f74ebf4265f5ccc9ebfb488334b525cb13f86ff801dca44b362c41252cd43ae4d7653a10a5c6ab3be39d2c79064d6895e0d78dc50a5ed6e9
  languageName: node
  linkType: hard

"prettier@npm:3.5.2":
  version: 3.5.2
  resolution: "prettier@npm:3.5.2"
  bin:
    prettier: bin/prettier.cjs
  checksum: 10c0/d7b597ed33f39c32ace675896ad187f06a3e48dc8a1e80051b5c5f0dae3586d53981704b8fda5ac3b080e6c2e0e197d239131b953702674f044351621ca5e1ac
  languageName: node
  linkType: hard

"read-package-json-fast@npm:^4.0.0":
  version: 4.0.0
  resolution: "read-package-json-fast@npm:4.0.0"
  dependencies:
    json-parse-even-better-errors: "npm:^4.0.0"
    npm-normalize-package-bin: "npm:^4.0.0"
  checksum: 10c0/8a03509ae8e852f1abc4b109c1be571dd90ac9ea65d55433b2fe287e409113441a9b00df698288fe48aa786c1a2550569d47b5ab01ed83ada073d691d5aff582
  languageName: node
  linkType: hard

"root-workspace-0b6124@workspace:.":
  version: 0.0.0-use.local
  resolution: "root-workspace-0b6124@workspace:."
  dependencies:
    "@action-validator/cli": "npm:0.6.0"
    "@action-validator/core": "npm:0.6.0"
    "@devcontainers/cli": "npm:0.74.0"
    npm-run-all2: "npm:7.0.2"
    prettier: "npm:3.5.2"
  languageName: unknown
  linkType: soft

"shebang-command@npm:^2.0.0":
  version: 2.0.0
  resolution: "shebang-command@npm:2.0.0"
  dependencies:
    shebang-regex: "npm:^3.0.0"
  checksum: 10c0/a41692e7d89a553ef21d324a5cceb5f686d1f3c040759c50aab69688634688c5c327f26f3ecf7001ebfd78c01f3c7c0a11a7c8bfd0a8bc9f6240d4f40b224e4e
  languageName: node
  linkType: hard

"shebang-regex@npm:^3.0.0":
  version: 3.0.0
  resolution: "shebang-regex@npm:3.0.0"
  checksum: 10c0/1dbed0726dd0e1152a92696c76c7f06084eb32a90f0528d11acd764043aacf76994b2fb30aa1291a21bd019d6699164d048286309a278855ee7bec06cf6fb690
  languageName: node
  linkType: hard

"shell-quote@npm:^1.7.3":
  version: 1.8.2
  resolution: "shell-quote@npm:1.8.2"
  checksum: 10c0/85fdd44f2ad76e723d34eb72c753f04d847ab64e9f1f10677e3f518d0e5b0752a176fd805297b30bb8c3a1556ebe6e77d2288dbd7b7b0110c7e941e9e9c20ce1
  languageName: node
  linkType: hard

"which@npm:^2.0.1":
  version: 2.0.2
  resolution: "which@npm:2.0.2"
  dependencies:
    isexe: "npm:^2.0.0"
  bin:
    node-which: ./bin/node-which
  checksum: 10c0/66522872a768b60c2a65a57e8ad184e5372f5b6a9ca6d5f033d4b0dc98aff63995655a7503b9c0a2598936f532120e81dd8cc155e2e92ed662a2b9377cc4374f
  languageName: node
  linkType: hard

"which@npm:^5.0.0":
  version: 5.0.0
  resolution: "which@npm:5.0.0"
  dependencies:
    isexe: "npm:^3.1.1"
  bin:
    node-which: bin/which.js
  checksum: 10c0/e556e4cd8b7dbf5df52408c9a9dd5ac6518c8c5267c8953f5b0564073c66ed5bf9503b14d876d0e9c7844d4db9725fb0dcf45d6e911e17e26ab363dc3965ae7b
  languageName: node
  linkType: hard
